{
  "name": "asdasd",
  "version": "1.0.0",
  "lockfileVersion": 1,
  "requires": true,
  "dependencies": {
    "telk-music": {
      "version": "2.0.0",
      "resolved": "https://registry.npmjs.org/telk-music/-/telk-music-2.0.0.tgz",
      "integrity": "sha1-LTUonBpJZoaHk22PkgkqAc9LUwo="
    }
  }
}
